// !$*UTF8*$!
{
	archiveVersion = 1;
	classes = {
	};
	objectVersion = 55;
	objects = {

/* Begin PBXBuildFile section */
		690022F42672CFDD00D6C9BC /* AppDelegate.swift in Sources */ = {isa = PBXBuildFile; fileRef = 690022F32672CFDD00D6C9BC /* AppDelegate.swift */; };
		690022F62672CFDD00D6C9BC /* SceneDelegate.swift in Sources */ = {isa = PBXBuildFile; fileRef = 690022F52672CFDD00D6C9BC /* SceneDelegate.swift */; };
		690022F92672CFDD00D6C9BC /* LaunchScreen.storyboard in Resources */ = {isa = PBXBuildFile; fileRef = 690022F72672CFDD00D6C9BC /* LaunchScreen.storyboard */; };
		690022FC2672CFDD00D6C9BC /* Main.storyboard in Resources */ = {isa = PBXBuildFile; fileRef = 690022FA2672CFDD00D6C9BC /* Main.storyboard */; };
		690023052672CFDD00D6C9BC /* AppDelegate.swift in Sources */ = {isa = PBXBuildFile; fileRef = 690023042672CFDD00D6C9BC /* AppDelegate.swift */; };
		690023082672CFDD00D6C9BC /* Main.storyboard in Resources */ = {isa = PBXBuildFile; fileRef = 690023062672CFDD00D6C9BC /* Main.storyboard */; };
		6900230F2672CFDD00D6C9BC /* Hack-Tools Extension.appex in Embed App Extensions */ = {isa = PBXBuildFile; fileRef = 6900230E2672CFDD00D6C9BC /* Hack-Tools Extension.appex */; settings = {ATTRIBUTES = (RemoveHeadersOnCopy, ); }; };
		690023192672CFDD00D6C9BC /* Hack-Tools Extension.appex in Embed App Extensions */ = {isa = PBXBuildFile; fileRef = 690023182672CFDD00D6C9BC /* Hack-Tools Extension.appex */; settings = {ATTRIBUTES = (RemoveHeadersOnCopy, ); }; };
		6900231E2672CFDD00D6C9BC /* Main.html in Resources */ = {isa = PBXBuildFile; fileRef = 690022DA2672CFD900D6C9BC /* Main.html */; };
		6900231F2672CFDD00D6C9BC /* Main.html in Resources */ = {isa = PBXBuildFile; fileRef = 690022DA2672CFD900D6C9BC /* Main.html */; };
		690023202672CFDD00D6C9BC /* Icon.png in Resources */ = {isa = PBXBuildFile; fileRef = 690022DC2672CFD900D6C9BC /* Icon.png */; };
		690023212672CFDD00D6C9BC /* Icon.png in Resources */ = {isa = PBXBuildFile; fileRef = 690022DC2672CFD900D6C9BC /* Icon.png */; };
		690023222672CFDD00D6C9BC /* Style.css in Resources */ = {isa = PBXBuildFile; fileRef = 690022DD2672CFD900D6C9BC /* Style.css */; };
		690023232672CFDD00D6C9BC /* Style.css in Resources */ = {isa = PBXBuildFile; fileRef = 690022DD2672CFD900D6C9BC /* Style.css */; };
		690023242672CFDD00D6C9BC /* Script.js in Resources */ = {isa = PBXBuildFile; fileRef = 690022DE2672CFD900D6C9BC /* Script.js */; };
		690023252672CFDD00D6C9BC /* Script.js in Resources */ = {isa = PBXBuildFile; fileRef = 690022DE2672CFD900D6C9BC /* Script.js */; };
		690023262672CFDD00D6C9BC /* ViewController.swift in Sources */ = {isa = PBXBuildFile; fileRef = 690022DF2672CFD900D6C9BC /* ViewController.swift */; };
		690023272672CFDD00D6C9BC /* ViewController.swift in Sources */ = {isa = PBXBuildFile; fileRef = 690022DF2672CFD900D6C9BC /* ViewController.swift */; };
		690023282672CFDD00D6C9BC /* Assets.xcassets in Resources */ = {isa = PBXBuildFile; fileRef = 690022E02672CFDD00D6C9BC /* Assets.xcassets */; };
		690023292672CFDD00D6C9BC /* Assets.xcassets in Resources */ = {isa = PBXBuildFile; fileRef = 690022E02672CFDD00D6C9BC /* Assets.xcassets */; };
		6900232A2672CFDD00D6C9BC /* SafariWebExtensionHandler.swift in Sources */ = {isa = PBXBuildFile; fileRef = 690022E22672CFDD00D6C9BC /* SafariWebExtensionHandler.swift */; };
		6900232B2672CFDD00D6C9BC /* SafariWebExtensionHandler.swift in Sources */ = {isa = PBXBuildFile; fileRef = 690022E22672CFDD00D6C9BC /* SafariWebExtensionHandler.swift */; };
		690023302672CFDD00D6C9BC /* manifest.json in Resources */ = {isa = PBXBuildFile; fileRef = 690022E62672CFDD00D6C9BC /* manifest.json */; };
		690023312672CFDD00D6C9BC /* manifest.json in Resources */ = {isa = PBXBuildFile; fileRef = 690022E62672CFDD00D6C9BC /* manifest.json */; };
		6900235D2672D07800D6C9BC /* iconfont.js in Resources */ = {isa = PBXBuildFile; fileRef = 690023502672D07800D6C9BC /* iconfont.js */; };
		6900235E2672D07800D6C9BC /* iconfont.js in Resources */ = {isa = PBXBuildFile; fileRef = 690023502672D07800D6C9BC /* iconfont.js */; };
		690023612672D07800D6C9BC /* app.bundle.js in Resources */ = {isa = PBXBuildFile; fileRef = 690023522672D07800D6C9BC /* app.bundle.js */; };
		690023622672D07800D6C9BC /* app.bundle.js in Resources */ = {isa = PBXBuildFile; fileRef = 690023522672D07800D6C9BC /* app.bundle.js */; };
		690023632672D07800D6C9BC /* index.html in Resources */ = {isa = PBXBuildFile; fileRef = 690023532672D07800D6C9BC /* index.html */; };
		690023642672D07800D6C9BC /* index.html in Resources */ = {isa = PBXBuildFile; fileRef = 690023532672D07800D6C9BC /* index.html */; };
		69BCB49727A8A2CC00046272 /* 448.bundle.js in Resources */ = {isa = PBXBuildFile; fileRef = 69BCB49427A8A2CC00046272 /* 448.bundle.js */; };
		69BCB49827A8A2CC00046272 /* 448.bundle.js in Resources */ = {isa = PBXBuildFile; fileRef = 69BCB49427A8A2CC00046272 /* 448.bundle.js */; };
		69BCB49927A8A2CC00046272 /* 448.bundle.js.LICENSE.txt in Resources */ = {isa = PBXBuildFile; fileRef = 69BCB49527A8A2CC00046272 /* 448.bundle.js.LICENSE.txt */; };
		69BCB49A27A8A2CC00046272 /* 448.bundle.js.LICENSE.txt in Resources */ = {isa = PBXBuildFile; fileRef = 69BCB49527A8A2CC00046272 /* 448.bundle.js.LICENSE.txt */; };
		69BCB49B27A8A2CC00046272 /* src in Resources */ = {isa = PBXBuildFile; fileRef = 69BCB49627A8A2CC00046272 /* src */; };
		69BCB49C27A8A2CC00046272 /* src in Resources */ = {isa = PBXBuildFile; fileRef = 69BCB49627A8A2CC00046272 /* src */; };
		69FE5BFC29BDA7CB00201FDF /* 918.bundle.js.LICENSE.txt in Resources */ = {isa = PBXBuildFile; fileRef = 69FE5BFA29BDA7CB00201FDF /* 918.bundle.js.LICENSE.txt */; };
		69FE5BFD29BDA7CB00201FDF /* 918.bundle.js.LICENSE.txt in Resources */ = {isa = PBXBuildFile; fileRef = 69FE5BFA29BDA7CB00201FDF /* 918.bundle.js.LICENSE.txt */; };
		69FE5BFE29BDA7CB00201FDF /* 918.bundle.js in Resources */ = {isa = PBXBuildFile; fileRef = 69FE5BFB29BDA7CB00201FDF /* 918.bundle.js */; };
		69FE5BFF29BDA7CB00201FDF /* 918.bundle.js in Resources */ = {isa = PBXBuildFile; fileRef = 69FE5BFB29BDA7CB00201FDF /* 918.bundle.js */; };
/* End PBXBuildFile section */

/* Begin PBXContainerItemProxy section */
		690023102672CFDD00D6C9BC /* PBXContainerItemProxy */ = {
			isa = PBXContainerItemProxy;
			containerPortal = 690022D42672CFD800D6C9BC /* Project object */;
			proxyType = 1;
			remoteGlobalIDString = 6900230D2672CFDD00D6C9BC;
			remoteInfo = "Hack-Tools Extension (iOS)";
		};
		6900231A2672CFDD00D6C9BC /* PBXContainerItemProxy */ = {
			isa = PBXContainerItemProxy;
			containerPortal = 690022D42672CFD800D6C9BC /* Project object */;
			proxyType = 1;
			remoteGlobalIDString = 690023172672CFDD00D6C9BC;
			remoteInfo = "Hack-Tools Extension (macOS)";
		};
/* End PBXContainerItemProxy section */

/* Begin PBXCopyFilesBuildPhase section */
		690023412672CFDD00D6C9BC /* Embed App Extensions */ = {
			isa = PBXCopyFilesBuildPhase;
			buildActionMask = 2147483647;
			dstPath = "";
			dstSubfolderSpec = 13;
			files = (
				6900230F2672CFDD00D6C9BC /* Hack-Tools Extension.appex in Embed App Extensions */,
			);
			name = "Embed App Extensions";
			runOnlyForDeploymentPostprocessing = 0;
		};
		690023482672CFDD00D6C9BC /* Embed App Extensions */ = {
			isa = PBXCopyFilesBuildPhase;
			buildActionMask = 2147483647;
			dstPath = "";
			dstSubfolderSpec = 13;
			files = (
				690023192672CFDD00D6C9BC /* Hack-Tools Extension.appex in Embed App Extensions */,
			);
			name = "Embed App Extensions";
			runOnlyForDeploymentPostprocessing = 0;
		};
/* End PBXCopyFilesBuildPhase section */

/* Begin PBXFileReference section */
		690022DB2672CFD900D6C9BC /* Base */ = {isa = PBXFileReference; lastKnownFileType = text.html; name = Base; path = ../Base.lproj/Main.html; sourceTree = "<group>"; };
		690022DC2672CFD900D6C9BC /* Icon.png */ = {isa = PBXFileReference; lastKnownFileType = image.png; path = Icon.png; sourceTree = "<group>"; };
		690022DD2672CFD900D6C9BC /* Style.css */ = {isa = PBXFileReference; lastKnownFileType = text.css; path = Style.css; sourceTree = "<group>"; };
		690022DE2672CFD900D6C9BC /* Script.js */ = {isa = PBXFileReference; lastKnownFileType = sourcecode.javascript; path = Script.js; sourceTree = "<group>"; };
		690022DF2672CFD900D6C9BC /* ViewController.swift */ = {isa = PBXFileReference; lastKnownFileType = sourcecode.swift; path = ViewController.swift; sourceTree = "<group>"; };
		690022E02672CFDD00D6C9BC /* Assets.xcassets */ = {isa = PBXFileReference; lastKnownFileType = folder.assetcatalog; path = Assets.xcassets; sourceTree = "<group>"; };
		690022E22672CFDD00D6C9BC /* SafariWebExtensionHandler.swift */ = {isa = PBXFileReference; lastKnownFileType = sourcecode.swift; path = SafariWebExtensionHandler.swift; sourceTree = "<group>"; };
		690022E62672CFDD00D6C9BC /* manifest.json */ = {isa = PBXFileReference; lastKnownFileType = text.json; path = manifest.json; sourceTree = "<group>"; };
		690022F02672CFDD00D6C9BC /* Hack-Tools.app */ = {isa = PBXFileReference; explicitFileType = wrapper.application; includeInIndex = 0; path = "Hack-Tools.app"; sourceTree = BUILT_PRODUCTS_DIR; };
		690022F32672CFDD00D6C9BC /* AppDelegate.swift */ = {isa = PBXFileReference; lastKnownFileType = sourcecode.swift; path = AppDelegate.swift; sourceTree = "<group>"; };
		690022F52672CFDD00D6C9BC /* SceneDelegate.swift */ = {isa = PBXFileReference; lastKnownFileType = sourcecode.swift; path = SceneDelegate.swift; sourceTree = "<group>"; };
		690022F82672CFDD00D6C9BC /* Base */ = {isa = PBXFileReference; lastKnownFileType = file.storyboard; name = Base; path = Base.lproj/LaunchScreen.storyboard; sourceTree = "<group>"; };
		690022FB2672CFDD00D6C9BC /* Base */ = {isa = PBXFileReference; lastKnownFileType = file.storyboard; name = Base; path = Base.lproj/Main.storyboard; sourceTree = "<group>"; };
		690022FD2672CFDD00D6C9BC /* Info.plist */ = {isa = PBXFileReference; lastKnownFileType = text.plist.xml; path = Info.plist; sourceTree = "<group>"; };
		690023022672CFDD00D6C9BC /* Hack-Tools.app */ = {isa = PBXFileReference; explicitFileType = wrapper.application; includeInIndex = 0; path = "Hack-Tools.app"; sourceTree = BUILT_PRODUCTS_DIR; };
		690023042672CFDD00D6C9BC /* AppDelegate.swift */ = {isa = PBXFileReference; lastKnownFileType = sourcecode.swift; path = AppDelegate.swift; sourceTree = "<group>"; };
		690023072672CFDD00D6C9BC /* Base */ = {isa = PBXFileReference; lastKnownFileType = file.storyboard; name = Base; path = Base.lproj/Main.storyboard; sourceTree = "<group>"; };
		690023092672CFDD00D6C9BC /* Hack-Tools.entitlements */ = {isa = PBXFileReference; lastKnownFileType = text.plist.entitlements; path = "Hack-Tools.entitlements"; sourceTree = "<group>"; };
		6900230E2672CFDD00D6C9BC /* Hack-Tools Extension.appex */ = {isa = PBXFileReference; explicitFileType = "wrapper.app-extension"; includeInIndex = 0; path = "Hack-Tools Extension.appex"; sourceTree = BUILT_PRODUCTS_DIR; };
		690023132672CFDD00D6C9BC /* Info.plist */ = {isa = PBXFileReference; lastKnownFileType = text.plist.xml; path = Info.plist; sourceTree = "<group>"; };
		690023182672CFDD00D6C9BC /* Hack-Tools Extension.appex */ = {isa = PBXFileReference; explicitFileType = "wrapper.app-extension"; includeInIndex = 0; path = "Hack-Tools Extension.appex"; sourceTree = BUILT_PRODUCTS_DIR; };
		6900231D2672CFDD00D6C9BC /* Info.plist */ = {isa = PBXFileReference; lastKnownFileType = text.plist.xml; path = Info.plist; sourceTree = "<group>"; };
		690023502672D07800D6C9BC /* iconfont.js */ = {isa = PBXFileReference; fileEncoding = 4; lastKnownFileType = sourcecode.javascript; path = iconfont.js; sourceTree = "<group>"; };
		690023522672D07800D6C9BC /* app.bundle.js */ = {isa = PBXFileReference; fileEncoding = 4; lastKnownFileType = sourcecode.javascript; path = app.bundle.js; sourceTree = "<group>"; };
		690023532672D07800D6C9BC /* index.html */ = {isa = PBXFileReference; fileEncoding = 4; lastKnownFileType = text.html; path = index.html; sourceTree = "<group>"; };
		698537542675E69400EA4C97 /* Hack-Tools--macOS--Info.plist */ = {isa = PBXFileReference; lastKnownFileType = text.plist; path = "Hack-Tools--macOS--Info.plist"; sourceTree = "<group>"; };
		69BCB49427A8A2CC00046272 /* 448.bundle.js */ = {isa = PBXFileReference; fileEncoding = 4; lastKnownFileType = sourcecode.javascript; path = 448.bundle.js; sourceTree = "<group>"; };
		69BCB49527A8A2CC00046272 /* 448.bundle.js.LICENSE.txt */ = {isa = PBXFileReference; fileEncoding = 4; lastKnownFileType = text; path = 448.bundle.js.LICENSE.txt; sourceTree = "<group>"; };
		69BCB49627A8A2CC00046272 /* src */ = {isa = PBXFileReference; lastKnownFileType = folder; path = src; sourceTree = "<group>"; };
		69FE5BFA29BDA7CB00201FDF /* 918.bundle.js.LICENSE.txt */ = {isa = PBXFileReference; fileEncoding = 4; lastKnownFileType = text; path = 918.bundle.js.LICENSE.txt; sourceTree = "<group>"; };
		69FE5BFB29BDA7CB00201FDF /* 918.bundle.js */ = {isa = PBXFileReference; fileEncoding = 4; lastKnownFileType = sourcecode.javascript; path = 918.bundle.js; sourceTree = "<group>"; };
/* End PBXFileReference section */

/* Begin PBXFrameworksBuildPhase section */
		690022ED2672CFDD00D6C9BC /* Frameworks */ = {
			isa = PBXFrameworksBuildPhase;
			buildActionMask = 2147483647;
			files = (
			);
			runOnlyForDeploymentPostprocessing = 0;
		};
		690022FF2672CFDD00D6C9BC /* Frameworks */ = {
			isa = PBXFrameworksBuildPhase;
			buildActionMask = 2147483647;
			files = (
			);
			runOnlyForDeploymentPostprocessing = 0;
		};
		6900230B2672CFDD00D6C9BC /* Frameworks */ = {
			isa = PBXFrameworksBuildPhase;
			buildActionMask = 2147483647;
			files = (
			);
			runOnlyForDeploymentPostprocessing = 0;
		};
		690023152672CFDD00D6C9BC /* Frameworks */ = {
			isa = PBXFrameworksBuildPhase;
			buildActionMask = 2147483647;
			files = (
			);
			runOnlyForDeploymentPostprocessing = 0;
		};
/* End PBXFrameworksBuildPhase section */

/* Begin PBXGroup section */
		690022D32672CFD800D6C9BC = {
			isa = PBXGroup;
			children = (
				698537542675E69400EA4C97 /* Hack-Tools--macOS--Info.plist */,
				690022D82672CFD900D6C9BC /* Shared (App) */,
				690022E12672CFDD00D6C9BC /* Shared (Extension) */,
				690022F22672CFDD00D6C9BC /* iOS (App) */,
				690023032672CFDD00D6C9BC /* macOS (App) */,
				690023122672CFDD00D6C9BC /* iOS (Extension) */,
				6900231C2672CFDD00D6C9BC /* macOS (Extension) */,
				690022F12672CFDD00D6C9BC /* Products */,
			);
			sourceTree = "<group>";
		};
		690022D82672CFD900D6C9BC /* Shared (App) */ = {
			isa = PBXGroup;
			children = (
				690022DF2672CFD900D6C9BC /* ViewController.swift */,
				690022E02672CFDD00D6C9BC /* Assets.xcassets */,
				690022D92672CFD900D6C9BC /* Resources */,
			);
			path = "Shared (App)";
			sourceTree = "<group>";
		};
		690022D92672CFD900D6C9BC /* Resources */ = {
			isa = PBXGroup;
			children = (
				690022DA2672CFD900D6C9BC /* Main.html */,
				690022DC2672CFD900D6C9BC /* Icon.png */,
				690022DD2672CFD900D6C9BC /* Style.css */,
				690022DE2672CFD900D6C9BC /* Script.js */,
			);
			path = Resources;
			sourceTree = "<group>";
		};
		690022E12672CFDD00D6C9BC /* Shared (Extension) */ = {
			isa = PBXGroup;
			children = (
				690022E22672CFDD00D6C9BC /* SafariWebExtensionHandler.swift */,
				690022E32672CFDD00D6C9BC /* Resources */,
			);
			path = "Shared (Extension)";
			sourceTree = "<group>";
		};
		690022E32672CFDD00D6C9BC /* Resources */ = {
			isa = PBXGroup;
			children = (
				69FE5BFB29BDA7CB00201FDF /* 918.bundle.js */,
				69FE5BFA29BDA7CB00201FDF /* 918.bundle.js.LICENSE.txt */,
				69BCB49427A8A2CC00046272 /* 448.bundle.js */,
				69BCB49527A8A2CC00046272 /* 448.bundle.js.LICENSE.txt */,
				69BCB49627A8A2CC00046272 /* src */,
				690023522672D07800D6C9BC /* app.bundle.js */,
				690023502672D07800D6C9BC /* iconfont.js */,
				690023532672D07800D6C9BC /* index.html */,
				690022E62672CFDD00D6C9BC /* manifest.json */,
			);
			path = Resources;
			sourceTree = "<group>";
		};
		690022F12672CFDD00D6C9BC /* Products */ = {
			isa = PBXGroup;
			children = (
				690022F02672CFDD00D6C9BC /* Hack-Tools.app */,
				690023022672CFDD00D6C9BC /* Hack-Tools.app */,
				6900230E2672CFDD00D6C9BC /* Hack-Tools Extension.appex */,
				690023182672CFDD00D6C9BC /* Hack-Tools Extension.appex */,
			);
			name = Products;
			sourceTree = "<group>";
		};
		690022F22672CFDD00D6C9BC /* iOS (App) */ = {
			isa = PBXGroup;
			children = (
				690022F32672CFDD00D6C9BC /* AppDelegate.swift */,
				690022F52672CFDD00D6C9BC /* SceneDelegate.swift */,
				690022F72672CFDD00D6C9BC /* LaunchScreen.storyboard */,
				690022FA2672CFDD00D6C9BC /* Main.storyboard */,
				690022FD2672CFDD00D6C9BC /* Info.plist */,
			);
			path = "iOS (App)";
			sourceTree = "<group>";
		};
		690023032672CFDD00D6C9BC /* macOS (App) */ = {
			isa = PBXGroup;
			children = (
				690023042672CFDD00D6C9BC /* AppDelegate.swift */,
				690023062672CFDD00D6C9BC /* Main.storyboard */,
				690023092672CFDD00D6C9BC /* Hack-Tools.entitlements */,
			);
			path = "macOS (App)";
			sourceTree = "<group>";
		};
		690023122672CFDD00D6C9BC /* iOS (Extension) */ = {
			isa = PBXGroup;
			children = (
				690023132672CFDD00D6C9BC /* Info.plist */,
			);
			path = "iOS (Extension)";
			sourceTree = "<group>";
		};
		6900231C2672CFDD00D6C9BC /* macOS (Extension) */ = {
			isa = PBXGroup;
			children = (
				6900231D2672CFDD00D6C9BC /* Info.plist */,
			);
			path = "macOS (Extension)";
			sourceTree = "<group>";
		};
/* End PBXGroup section */

/* Begin PBXNativeTarget section */
		690022EF2672CFDD00D6C9BC /* Hack-Tools (iOS) */ = {
			isa = PBXNativeTarget;
			buildConfigurationList = 690023422672CFDD00D6C9BC /* Build configuration list for PBXNativeTarget "Hack-Tools (iOS)" */;
			buildPhases = (
				690022EC2672CFDD00D6C9BC /* Sources */,
				690022ED2672CFDD00D6C9BC /* Frameworks */,
				690022EE2672CFDD00D6C9BC /* Resources */,
				690023412672CFDD00D6C9BC /* Embed App Extensions */,
			);
			buildRules = (
			);
			dependencies = (
				690023112672CFDD00D6C9BC /* PBXTargetDependency */,
			);
			name = "Hack-Tools (iOS)";
			productName = "Hack-Tools (iOS)";
			productReference = 690022F02672CFDD00D6C9BC /* Hack-Tools.app */;
			productType = "com.apple.product-type.application";
		};
		690023012672CFDD00D6C9BC /* Hack-Tools (macOS) */ = {
			isa = PBXNativeTarget;
			buildConfigurationList = 690023492672CFDD00D6C9BC /* Build configuration list for PBXNativeTarget "Hack-Tools (macOS)" */;
			buildPhases = (
				690022FE2672CFDD00D6C9BC /* Sources */,
				690022FF2672CFDD00D6C9BC /* Frameworks */,
				690023002672CFDD00D6C9BC /* Resources */,
				690023482672CFDD00D6C9BC /* Embed App Extensions */,
			);
			buildRules = (
			);
			dependencies = (
				6900231B2672CFDD00D6C9BC /* PBXTargetDependency */,
			);
			name = "Hack-Tools (macOS)";
			productName = "Hack-Tools (macOS)";
			productReference = 690023022672CFDD00D6C9BC /* Hack-Tools.app */;
			productType = "com.apple.product-type.application";
		};
		6900230D2672CFDD00D6C9BC /* Hack-Tools Extension (iOS) */ = {
			isa = PBXNativeTarget;
			buildConfigurationList = 6900233E2672CFDD00D6C9BC /* Build configuration list for PBXNativeTarget "Hack-Tools Extension (iOS)" */;
			buildPhases = (
				6900230A2672CFDD00D6C9BC /* Sources */,
				6900230B2672CFDD00D6C9BC /* Frameworks */,
				6900230C2672CFDD00D6C9BC /* Resources */,
			);
			buildRules = (
			);
			dependencies = (
			);
			name = "Hack-Tools Extension (iOS)";
			productName = "Hack-Tools Extension (iOS)";
			productReference = 6900230E2672CFDD00D6C9BC /* Hack-Tools Extension.appex */;
			productType = "com.apple.product-type.app-extension";
		};
		690023172672CFDD00D6C9BC /* Hack-Tools Extension (macOS) */ = {
			isa = PBXNativeTarget;
			buildConfigurationList = 690023452672CFDD00D6C9BC /* Build configuration list for PBXNativeTarget "Hack-Tools Extension (macOS)" */;
			buildPhases = (
				690023142672CFDD00D6C9BC /* Sources */,
				690023152672CFDD00D6C9BC /* Frameworks */,
				690023162672CFDD00D6C9BC /* Resources */,
			);
			buildRules = (
			);
			dependencies = (
			);
			name = "Hack-Tools Extension (macOS)";
			productName = "Hack-Tools Extension (macOS)";
			productReference = 690023182672CFDD00D6C9BC /* Hack-Tools Extension.appex */;
			productType = "com.apple.product-type.app-extension";
		};
/* End PBXNativeTarget section */

/* Begin PBXProject section */
		690022D42672CFD800D6C9BC /* Project object */ = {
			isa = PBXProject;
			attributes = {
				BuildIndependentTargetsInParallel = 1;
				LastSwiftUpdateCheck = 1300;
				LastUpgradeCheck = 1320;
				TargetAttributes = {
					690022EF2672CFDD00D6C9BC = {
						CreatedOnToolsVersion = 13.0;
					};
					690023012672CFDD00D6C9BC = {
						CreatedOnToolsVersion = 13.0;
					};
					6900230D2672CFDD00D6C9BC = {
						CreatedOnToolsVersion = 13.0;
					};
					690023172672CFDD00D6C9BC = {
						CreatedOnToolsVersion = 13.0;
					};
				};
			};
			buildConfigurationList = 690022D72672CFD800D6C9BC /* Build configuration list for PBXProject "Hack-Tools" */;
			compatibilityVersion = "Xcode 13.0";
			developmentRegion = en;
			hasScannedForEncodings = 0;
			knownRegions = (
				en,
				Base,
			);
			mainGroup = 690022D32672CFD800D6C9BC;
			productRefGroup = 690022F12672CFDD00D6C9BC /* Products */;
			projectDirPath = "";
			projectRoot = "";
			targets = (
				690022EF2672CFDD00D6C9BC /* Hack-Tools (iOS) */,
				690023012672CFDD00D6C9BC /* Hack-Tools (macOS) */,
				6900230D2672CFDD00D6C9BC /* Hack-Tools Extension (iOS) */,
				690023172672CFDD00D6C9BC /* Hack-Tools Extension (macOS) */,
			);
		};
/* End PBXProject section */

/* Begin PBXResourcesBuildPhase section */
		690022EE2672CFDD00D6C9BC /* Resources */ = {
			isa = PBXResourcesBuildPhase;
			buildActionMask = 2147483647;
			files = (
				690023202672CFDD00D6C9BC /* Icon.png in Resources */,
				690022F92672CFDD00D6C9BC /* LaunchScreen.storyboard in Resources */,
				6900231E2672CFDD00D6C9BC /* Main.html in Resources */,
				690023242672CFDD00D6C9BC /* Script.js in Resources */,
				690023282672CFDD00D6C9BC /* Assets.xcassets in Resources */,
				690022FC2672CFDD00D6C9BC /* Main.storyboard in Resources */,
				690023222672CFDD00D6C9BC /* Style.css in Resources */,
			);
			runOnlyForDeploymentPostprocessing = 0;
		};
		690023002672CFDD00D6C9BC /* Resources */ = {
			isa = PBXResourcesBuildPhase;
			buildActionMask = 2147483647;
			files = (
				690023212672CFDD00D6C9BC /* Icon.png in Resources */,
				690023232672CFDD00D6C9BC /* Style.css in Resources */,
				690023082672CFDD00D6C9BC /* Main.storyboard in Resources */,
				690023252672CFDD00D6C9BC /* Script.js in Resources */,
				690023292672CFDD00D6C9BC /* Assets.xcassets in Resources */,
				6900231F2672CFDD00D6C9BC /* Main.html in Resources */,
			);
			runOnlyForDeploymentPostprocessing = 0;
		};
		6900230C2672CFDD00D6C9BC /* Resources */ = {
			isa = PBXResourcesBuildPhase;
			buildActionMask = 2147483647;
			files = (
				6900235D2672D07800D6C9BC /* iconfont.js in Resources */,
				690023612672D07800D6C9BC /* app.bundle.js in Resources */,
				690023632672D07800D6C9BC /* index.html in Resources */,
				690023302672CFDD00D6C9BC /* manifest.json in Resources */,
				69BCB49727A8A2CC00046272 /* 448.bundle.js in Resources */,
				69FE5BFE29BDA7CB00201FDF /* 918.bundle.js in Resources */,
				69FE5BFC29BDA7CB00201FDF /* 918.bundle.js.LICENSE.txt in Resources */,
				69BCB49B27A8A2CC00046272 /* src in Resources */,
				69BCB49927A8A2CC00046272 /* 448.bundle.js.LICENSE.txt in Resources */,
			);
			runOnlyForDeploymentPostprocessing = 0;
		};
		690023162672CFDD00D6C9BC /* Resources */ = {
			isa = PBXResourcesBuildPhase;
			buildActionMask = 2147483647;
			files = (
				6900235E2672D07800D6C9BC /* iconfont.js in Resources */,
				690023622672D07800D6C9BC /* app.bundle.js in Resources */,
				690023642672D07800D6C9BC /* index.html in Resources */,
				690023312672CFDD00D6C9BC /* manifest.json in Resources */,
				69BCB49827A8A2CC00046272 /* 448.bundle.js in Resources */,
				69FE5BFF29BDA7CB00201FDF /* 918.bundle.js in Resources */,
				69FE5BFD29BDA7CB00201FDF /* 918.bundle.js.LICENSE.txt in Resources */,
				69BCB49C27A8A2CC00046272 /* src in Resources */,
				69BCB49A27A8A2CC00046272 /* 448.bundle.js.LICENSE.txt in Resources */,
			);
			runOnlyForDeploymentPostprocessing = 0;
		};
/* End PBXResourcesBuildPhase section */

/* Begin PBXSourcesBuildPhase section */
		690022EC2672CFDD00D6C9BC /* Sources */ = {
			isa = PBXSourcesBuildPhase;
			buildActionMask = 2147483647;
			files = (
				690023262672CFDD00D6C9BC /* ViewController.swift in Sources */,
				690022F42672CFDD00D6C9BC /* AppDelegate.swift in Sources */,
				690022F62672CFDD00D6C9BC /* SceneDelegate.swift in Sources */,
			);
			runOnlyForDeploymentPostprocessing = 0;
		};
		690022FE2672CFDD00D6C9BC /* Sources */ = {
			isa = PBXSourcesBuildPhase;
			buildActionMask = 2147483647;
			files = (
				690023272672CFDD00D6C9BC /* ViewController.swift in Sources */,
				690023052672CFDD00D6C9BC /* AppDelegate.swift in Sources */,
			);
			runOnlyForDeploymentPostprocessing = 0;
		};
		6900230A2672CFDD00D6C9BC /* Sources */ = {
			isa = PBXSourcesBuildPhase;
			buildActionMask = 2147483647;
			files = (
				6900232A2672CFDD00D6C9BC /* SafariWebExtensionHandler.swift in Sources */,
			);
			runOnlyForDeploymentPostprocessing = 0;
		};
		690023142672CFDD00D6C9BC /* Sources */ = {
			isa = PBXSourcesBuildPhase;
			buildActionMask = 2147483647;
			files = (
				6900232B2672CFDD00D6C9BC /* SafariWebExtensionHandler.swift in Sources */,
			);
			runOnlyForDeploymentPostprocessing = 0;
		};
/* End PBXSourcesBuildPhase section */

/* Begin PBXTargetDependency section */
		690023112672CFDD00D6C9BC /* PBXTargetDependency */ = {
			isa = PBXTargetDependency;
			target = 6900230D2672CFDD00D6C9BC /* Hack-Tools Extension (iOS) */;
			targetProxy = 690023102672CFDD00D6C9BC /* PBXContainerItemProxy */;
		};
		6900231B2672CFDD00D6C9BC /* PBXTargetDependency */ = {
			isa = PBXTargetDependency;
			target = 690023172672CFDD00D6C9BC /* Hack-Tools Extension (macOS) */;
			targetProxy = 6900231A2672CFDD00D6C9BC /* PBXContainerItemProxy */;
		};
/* End PBXTargetDependency section */

/* Begin PBXVariantGroup section */
		690022DA2672CFD900D6C9BC /* Main.html */ = {
			isa = PBXVariantGroup;
			children = (
				690022DB2672CFD900D6C9BC /* Base */,
			);
			name = Main.html;
			sourceTree = "<group>";
		};
		690022F72672CFDD00D6C9BC /* LaunchScreen.storyboard */ = {
			isa = PBXVariantGroup;
			children = (
				690022F82672CFDD00D6C9BC /* Base */,
			);
			name = LaunchScreen.storyboard;
			sourceTree = "<group>";
		};
		690022FA2672CFDD00D6C9BC /* Main.storyboard */ = {
			isa = PBXVariantGroup;
			children = (
				690022FB2672CFDD00D6C9BC /* Base */,
			);
			name = Main.storyboard;
			sourceTree = "<group>";
		};
		690023062672CFDD00D6C9BC /* Main.storyboard */ = {
			isa = PBXVariantGroup;
			children = (
				690023072672CFDD00D6C9BC /* Base */,
			);
			name = Main.storyboard;
			sourceTree = "<group>";
		};
/* End PBXVariantGroup section */

/* Begin XCBuildConfiguration section */
		6900233C2672CFDD00D6C9BC /* Debug */ = {
			isa = XCBuildConfiguration;
			buildSettings = {
				ALWAYS_SEARCH_USER_PATHS = NO;
				CLANG_ANALYZER_NONNULL = YES;
				CLANG_ANALYZER_NUMBER_OBJECT_CONVERSION = YES_AGGRESSIVE;
				CLANG_CXX_LANGUAGE_STANDARD = "gnu++14";
				CLANG_CXX_LIBRARY = "libc++";
				CLANG_ENABLE_MODULES = YES;
				CLANG_ENABLE_OBJC_ARC = YES;
				CLANG_ENABLE_OBJC_WEAK = YES;
				CLANG_WARN_BLOCK_CAPTURE_AUTORELEASING = YES;
				CLANG_WARN_BOOL_CONVERSION = YES;
				CLANG_WARN_COMMA = YES;
				CLANG_WARN_CONSTANT_CONVERSION = YES;
				CLANG_WARN_DEPRECATED_OBJC_IMPLEMENTATIONS = YES;
				CLANG_WARN_DIRECT_OBJC_ISA_USAGE = YES_ERROR;
				CLANG_WARN_DOCUMENTATION_COMMENTS = YES;
				CLANG_WARN_EMPTY_BODY = YES;
				CLANG_WARN_ENUM_CONVERSION = YES;
				CLANG_WARN_INFINITE_RECURSION = YES;
				CLANG_WARN_INT_CONVERSION = YES;
				CLANG_WARN_NON_LITERAL_NULL_CONVERSION = YES;
				CLANG_WARN_OBJC_IMPLICIT_RETAIN_SELF = YES;
				CLANG_WARN_OBJC_LITERAL_CONVERSION = YES;
				CLANG_WARN_OBJC_ROOT_CLASS = YES_ERROR;
				CLANG_WARN_QUOTED_INCLUDE_IN_FRAMEWORK_HEADER = YES;
				CLANG_WARN_RANGE_LOOP_ANALYSIS = YES;
				CLANG_WARN_STRICT_PROTOTYPES = YES;
				CLANG_WARN_SUSPICIOUS_MOVE = YES;
				CLANG_WARN_UNGUARDED_AVAILABILITY = YES_AGGRESSIVE;
				CLANG_WARN_UNREACHABLE_CODE = YES;
				CLANG_WARN__DUPLICATE_METHOD_MATCH = YES;
				COPY_PHASE_STRIP = NO;
				DEBUG_INFORMATION_FORMAT = dwarf;
				ENABLE_STRICT_OBJC_MSGSEND = YES;
				ENABLE_TESTABILITY = YES;
				GCC_C_LANGUAGE_STANDARD = gnu11;
				GCC_DYNAMIC_NO_PIC = NO;
				GCC_NO_COMMON_BLOCKS = YES;
				GCC_OPTIMIZATION_LEVEL = 0;
				GCC_PREPROCESSOR_DEFINITIONS = (
					"DEBUG=1",
					"$(inherited)",
				);
				GCC_WARN_64_TO_32_BIT_CONVERSION = YES;
				GCC_WARN_ABOUT_RETURN_TYPE = YES_ERROR;
				GCC_WARN_UNDECLARED_SELECTOR = YES;
				GCC_WARN_UNINITIALIZED_AUTOS = YES_AGGRESSIVE;
				GCC_WARN_UNUSED_FUNCTION = YES;
				GCC_WARN_UNUSED_VARIABLE = YES;
				MTL_ENABLE_DEBUG_INFO = INCLUDE_SOURCE;
				MTL_FAST_MATH = YES;
				ONLY_ACTIVE_ARCH = YES;
				SWIFT_ACTIVE_COMPILATION_CONDITIONS = DEBUG;
				SWIFT_OPTIMIZATION_LEVEL = "-Onone";
			};
			name = Debug;
		};
		6900233D2672CFDD00D6C9BC /* Release */ = {
			isa = XCBuildConfiguration;
			buildSettings = {
				ALWAYS_SEARCH_USER_PATHS = NO;
				CLANG_ANALYZER_NONNULL = YES;
				CLANG_ANALYZER_NUMBER_OBJECT_CONVERSION = YES_AGGRESSIVE;
				CLANG_CXX_LANGUAGE_STANDARD = "gnu++14";
				CLANG_CXX_LIBRARY = "libc++";
				CLANG_ENABLE_MODULES = YES;
				CLANG_ENABLE_OBJC_ARC = YES;
				CLANG_ENABLE_OBJC_WEAK = YES;
				CLANG_WARN_BLOCK_CAPTURE_AUTORELEASING = YES;
				CLANG_WARN_BOOL_CONVERSION = YES;
				CLANG_WARN_COMMA = YES;
				CLANG_WARN_CONSTANT_CONVERSION = YES;
				CLANG_WARN_DEPRECATED_OBJC_IMPLEMENTATIONS = YES;
				CLANG_WARN_DIRECT_OBJC_ISA_USAGE = YES_ERROR;
				CLANG_WARN_DOCUMENTATION_COMMENTS = YES;
				CLANG_WARN_EMPTY_BODY = YES;
				CLANG_WARN_ENUM_CONVERSION = YES;
				CLANG_WARN_INFINITE_RECURSION = YES;
				CLANG_WARN_INT_CONVERSION = YES;
				CLANG_WARN_NON_LITERAL_NULL_CONVERSION = YES;
				CLANG_WARN_OBJC_IMPLICIT_RETAIN_SELF = YES;
				CLANG_WARN_OBJC_LITERAL_CONVERSION = YES;
				CLANG_WARN_OBJC_ROOT_CLASS = YES_ERROR;
				CLANG_WARN_QUOTED_INCLUDE_IN_FRAMEWORK_HEADER = YES;
				CLANG_WARN_RANGE_LOOP_ANALYSIS = YES;
				CLANG_WARN_STRICT_PROTOTYPES = YES;
				CLANG_WARN_SUSPICIOUS_MOVE = YES;
				CLANG_WARN_UNGUARDED_AVAILABILITY = YES_AGGRESSIVE;
				CLANG_WARN_UNREACHABLE_CODE = YES;
				CLANG_WARN__DUPLICATE_METHOD_MATCH = YES;
				COPY_PHASE_STRIP = NO;
				DEBUG_INFORMATION_FORMAT = "dwarf-with-dsym";
				ENABLE_NS_ASSERTIONS = NO;
				ENABLE_STRICT_OBJC_MSGSEND = YES;
				GCC_C_LANGUAGE_STANDARD = gnu11;
				GCC_NO_COMMON_BLOCKS = YES;
				GCC_WARN_64_TO_32_BIT_CONVERSION = YES;
				GCC_WARN_ABOUT_RETURN_TYPE = YES_ERROR;
				GCC_WARN_UNDECLARED_SELECTOR = YES;
				GCC_WARN_UNINITIALIZED_AUTOS = YES_AGGRESSIVE;
				GCC_WARN_UNUSED_FUNCTION = YES;
				GCC_WARN_UNUSED_VARIABLE = YES;
				MTL_ENABLE_DEBUG_INFO = NO;
				MTL_FAST_MATH = YES;
				SWIFT_COMPILATION_MODE = wholemodule;
				SWIFT_OPTIMIZATION_LEVEL = "-O";
			};
			name = Release;
		};
		6900233F2672CFDD00D6C9BC /* Debug */ = {
			isa = XCBuildConfiguration;
			buildSettings = {
				CODE_SIGN_STYLE = Automatic;
				CURRENT_PROJECT_VERSION = 1;
				DEVELOPMENT_TEAM = 3Y37VQ6H2R;
				GENERATE_INFOPLIST_FILE = YES;
				INFOPLIST_FILE = "iOS (Extension)/Info.plist";
				INFOPLIST_KEY_CFBundleDisplayName = "Hack-Tools Extension";
				INFOPLIST_KEY_NSHumanReadableCopyright = "";
				IPHONEOS_DEPLOYMENT_TARGET = 15.0;
				LD_RUNPATH_SEARCH_PATHS = (
					"$(inherited)",
					"@executable_path/Frameworks",
					"@executable_path/../../Frameworks",
				);
				MARKETING_VERSION = 1.0;
				PRODUCT_BUNDLE_IDENTIFIER = org.sperixlabs.HackTools.Extension;
				PRODUCT_NAME = "Hack-Tools Extension";
				SDKROOT = iphoneos;
				SKIP_INSTALL = YES;
				SWIFT_EMIT_LOC_STRINGS = YES;
				SWIFT_VERSION = 5.0;
				TARGETED_DEVICE_FAMILY = "1,2";
			};
			name = Debug;
		};
		690023402672CFDD00D6C9BC /* Release */ = {
			isa = XCBuildConfiguration;
			buildSettings = {
				CODE_SIGN_STYLE = Automatic;
				CURRENT_PROJECT_VERSION = 1;
				DEVELOPMENT_TEAM = 3Y37VQ6H2R;
				GENERATE_INFOPLIST_FILE = YES;
				INFOPLIST_FILE = "iOS (Extension)/Info.plist";
				INFOPLIST_KEY_CFBundleDisplayName = "Hack-Tools Extension";
				INFOPLIST_KEY_NSHumanReadableCopyright = "";
				IPHONEOS_DEPLOYMENT_TARGET = 15.0;
				LD_RUNPATH_SEARCH_PATHS = (
					"$(inherited)",
					"@executable_path/Frameworks",
					"@executable_path/../../Frameworks",
				);
				MARKETING_VERSION = 1.0;
				PRODUCT_BUNDLE_IDENTIFIER = org.sperixlabs.HackTools.Extension;
				PRODUCT_NAME = "Hack-Tools Extension";
				SDKROOT = iphoneos;
				SKIP_INSTALL = YES;
				SWIFT_EMIT_LOC_STRINGS = YES;
				SWIFT_VERSION = 5.0;
				TARGETED_DEVICE_FAMILY = "1,2";
				VALIDATE_PRODUCT = YES;
			};
			name = Release;
		};
		690023432672CFDD00D6C9BC /* Debug */ = {
			isa = XCBuildConfiguration;
			buildSettings = {
				ALWAYS_EMBED_SWIFT_STANDARD_LIBRARIES = YES;
				ASSETCATALOG_COMPILER_APPICON_NAME = AppIcon;
				ASSETCATALOG_COMPILER_GLOBAL_ACCENT_COLOR_NAME = AccentColor;
				CODE_SIGN_STYLE = Automatic;
				CURRENT_PROJECT_VERSION = 1;
				DEVELOPMENT_TEAM = 3Y37VQ6H2R;
				GENERATE_INFOPLIST_FILE = YES;
				INFOPLIST_FILE = "iOS (App)/Info.plist";
				INFOPLIST_KEY_CFBundleDisplayName = "Hack-Tools";
				INFOPLIST_KEY_UIApplicationSupportsIndirectInputEvents = YES;
				INFOPLIST_KEY_UILaunchStoryboardName = LaunchScreen;
				INFOPLIST_KEY_UIMainStoryboardFile = Main;
				INFOPLIST_KEY_UISupportedInterfaceOrientations = "UIInterfaceOrientationPortrait UIInterfaceOrientationLandscapeLeft UIInterfaceOrientationLandscapeRight";
				INFOPLIST_KEY_UISupportedInterfaceOrientations_iPad = "UIInterfaceOrientationPortrait UIInterfaceOrientationPortraitUpsideDown UIInterfaceOrientationLandscapeLeft UIInterfaceOrientationLandscapeRight";
				IPHONEOS_DEPLOYMENT_TARGET = 15.0;
				LD_RUNPATH_SEARCH_PATHS = (
					"$(inherited)",
					"@executable_path/Frameworks",
				);
				MARKETING_VERSION = 1.0;
				OTHER_LDFLAGS = (
					"-framework",
					WebKit,
				);
				PRODUCT_BUNDLE_IDENTIFIER = org.sperixlabs.HackTools;
				PRODUCT_NAME = "Hack-Tools";
				SDKROOT = iphoneos;
				SWIFT_EMIT_LOC_STRINGS = YES;
				SWIFT_VERSION = 5.0;
				TARGETED_DEVICE_FAMILY = "1,2";
			};
			name = Debug;
		};
		690023442672CFDD00D6C9BC /* Release */ = {
			isa = XCBuildConfiguration;
			buildSettings = {
				ALWAYS_EMBED_SWIFT_STANDARD_LIBRARIES = YES;
				ASSETCATALOG_COMPILER_APPICON_NAME = AppIcon;
				ASSETCATALOG_COMPILER_GLOBAL_ACCENT_COLOR_NAME = AccentColor;
				CODE_SIGN_STYLE = Automatic;
				CURRENT_PROJECT_VERSION = 1;
				DEVELOPMENT_TEAM = 3Y37VQ6H2R;
				GENERATE_INFOPLIST_FILE = YES;
				INFOPLIST_FILE = "iOS (App)/Info.plist";
				INFOPLIST_KEY_CFBundleDisplayName = "Hack-Tools";
				INFOPLIST_KEY_UIApplicationSupportsIndirectInputEvents = YES;
				INFOPLIST_KEY_UILaunchStoryboardName = LaunchScreen;
				INFOPLIST_KEY_UIMainStoryboardFile = Main;
				INFOPLIST_KEY_UISupportedInterfaceOrientations = "UIInterfaceOrientationPortrait UIInterfaceOrientationLandscapeLeft UIInterfaceOrientationLandscapeRight";
				INFOPLIST_KEY_UISupportedInterfaceOrientations_iPad = "UIInterfaceOrientationPortrait UIInterfaceOrientationPortraitUpsideDown UIInterfaceOrientationLandscapeLeft UIInterfaceOrientationLandscapeRight";
				IPHONEOS_DEPLOYMENT_TARGET = 15.0;
				LD_RUNPATH_SEARCH_PATHS = (
					"$(inherited)",
					"@executable_path/Frameworks",
				);
				MARKETING_VERSION = 1.0;
				OTHER_LDFLAGS = (
					"-framework",
					WebKit,
				);
				PRODUCT_BUNDLE_IDENTIFIER = org.sperixlabs.HackTools;
				PRODUCT_NAME = "Hack-Tools";
				SDKROOT = iphoneos;
				SWIFT_EMIT_LOC_STRINGS = YES;
				SWIFT_VERSION = 5.0;
				TARGETED_DEVICE_FAMILY = "1,2";
				VALIDATE_PRODUCT = YES;
			};
			name = Release;
		};
		690023462672CFDD00D6C9BC /* Debug */ = {
			isa = XCBuildConfiguration;
			buildSettings = {
				CODE_SIGN_IDENTITY = "Apple Development";
				CODE_SIGN_STYLE = Automatic;
				CURRENT_PROJECT_VERSION = 1;
				DEVELOPMENT_TEAM = 3Y37VQ6H2R;
				ENABLE_APP_SANDBOX = YES;
				ENABLE_HARDENED_RUNTIME = YES;
				ENABLE_USER_SELECTED_FILES = readonly;
				GENERATE_INFOPLIST_FILE = YES;
				INFOPLIST_FILE = "macOS (Extension)/Info.plist";
				INFOPLIST_KEY_CFBundleDisplayName = "Hack-Tools Extension";
				INFOPLIST_KEY_NSHumanReadableCopyright = "";
				LD_RUNPATH_SEARCH_PATHS = (
					"$(inherited)",
					"@executable_path/../Frameworks",
					"@executable_path/../../../../Frameworks",
				);
				MACOSX_DEPLOYMENT_TARGET = 10.14;
				MARKETING_VERSION = 1.0;
				PRODUCT_BUNDLE_IDENTIFIER = org.sperixlabs.HackTools.Extension;
				PRODUCT_NAME = "Hack-Tools Extension";
				SDKROOT = macosx;
				SKIP_INSTALL = YES;
				SWIFT_EMIT_LOC_STRINGS = YES;
				SWIFT_VERSION = 5.0;
			};
			name = Debug;
		};
		690023472672CFDD00D6C9BC /* Release */ = {
			isa = XCBuildConfiguration;
			buildSettings = {
				CODE_SIGN_IDENTITY = "Apple Development";
				CODE_SIGN_STYLE = Automatic;
				CURRENT_PROJECT_VERSION = 1;
				DEVELOPMENT_TEAM = 3Y37VQ6H2R;
				ENABLE_APP_SANDBOX = YES;
				ENABLE_HARDENED_RUNTIME = YES;
				ENABLE_USER_SELECTED_FILES = readonly;
				GENERATE_INFOPLIST_FILE = YES;
				INFOPLIST_FILE = "macOS (Extension)/Info.plist";
				INFOPLIST_KEY_CFBundleDisplayName = "Hack-Tools Extension";
				INFOPLIST_KEY_NSHumanReadableCopyright = "";
				LD_RUNPATH_SEARCH_PATHS = (
					"$(inherited)",
					"@executable_path/../Frameworks",
					"@executable_path/../../../../Frameworks",
				);
				MACOSX_DEPLOYMENT_TARGET = 10.14;
				MARKETING_VERSION = 1.0;
				PRODUCT_BUNDLE_IDENTIFIER = org.sperixlabs.HackTools.Extension;
				PRODUCT_NAME = "Hack-Tools Extension";
				SDKROOT = macosx;
				SKIP_INSTALL = YES;
				SWIFT_EMIT_LOC_STRINGS = YES;
				SWIFT_VERSION = 5.0;
			};
			name = Release;
		};
		6900234A2672CFDD00D6C9BC /* Debug */ = {
			isa = XCBuildConfiguration;
			buildSettings = {
				ALWAYS_EMBED_SWIFT_STANDARD_LIBRARIES = YES;
				ASSETCATALOG_COMPILER_APPICON_NAME = AppIcon;
				ASSETCATALOG_COMPILER_GLOBAL_ACCENT_COLOR_NAME = AccentColor;
				CODE_SIGN_ENTITLEMENTS = "macOS (App)/Hack-Tools.entitlements";
				CODE_SIGN_IDENTITY = "Apple Development";
				CODE_SIGN_STYLE = Automatic;
				CURRENT_PROJECT_VERSION = 1;
				DEVELOPMENT_TEAM = 3Y37VQ6H2R;
				ENABLE_APP_SANDBOX = YES;
				ENABLE_HARDENED_RUNTIME = YES;
				ENABLE_USER_SELECTED_FILES = readonly;
				GENERATE_INFOPLIST_FILE = YES;
				INFOPLIST_FILE = "Hack-Tools--macOS--Info.plist";
				INFOPLIST_KEY_CFBundleDisplayName = "Hack-Tools";
				INFOPLIST_KEY_CFBundleExecutable = "Hack-Tools";
				INFOPLIST_KEY_CFBundleName = "Hack-Tools";
				INFOPLIST_KEY_CFBundleVersion = 1;
				INFOPLIST_KEY_NSMainStoryboardFile = Main;
				INFOPLIST_KEY_NSPrincipalClass = NSApplication;
				LD_RUNPATH_SEARCH_PATHS = (
					"$(inherited)",
					"@executable_path/../Frameworks",
				);
				MACOSX_DEPLOYMENT_TARGET = 10.14;
				MARKETING_VERSION = 1.0;
				OTHER_LDFLAGS = (
					"-framework",
					WebKit,
				);
				PRODUCT_BUNDLE_IDENTIFIER = org.sperixlabs.HackTools;
				PRODUCT_NAME = "Hack-Tools";
				PROVISIONING_PROFILE_SPECIFIER = "";
				SDKROOT = macosx;
				SWIFT_EMIT_LOC_STRINGS = YES;
				SWIFT_VERSION = 5.0;
			};
			name = Debug;
		};
		6900234B2672CFDD00D6C9BC /* Release */ = {
			isa = XCBuildConfiguration;
			buildSettings = {
				ALWAYS_EMBED_SWIFT_STANDARD_LIBRARIES = YES;
				ASSETCATALOG_COMPILER_APPICON_NAME = AppIcon;
				ASSETCATALOG_COMPILER_GLOBAL_ACCENT_COLOR_NAME = AccentColor;
				CODE_SIGN_ENTITLEMENTS = "macOS (App)/Hack-Tools.entitlements";
				CODE_SIGN_IDENTITY = "Apple Development";
				CODE_SIGN_STYLE = Automatic;
				CURRENT_PROJECT_VERSION = 1;
				DEVELOPMENT_TEAM = 3Y37VQ6H2R;
				ENABLE_APP_SANDBOX = YES;
				ENABLE_HARDENED_RUNTIME = YES;
				ENABLE_USER_SELECTED_FILES = readonly;
				GENERATE_INFOPLIST_FILE = YES;
				INFOPLIST_FILE = "Hack-Tools--macOS--Info.plist";
				INFOPLIST_KEY_CFBundleDisplayName = "Hack-Tools";
				INFOPLIST_KEY_CFBundleExecutable = "Hack-Tools";
				INFOPLIST_KEY_CFBundleName = "Hack-Tools";
				INFOPLIST_KEY_CFBundleVersion = 1;
				INFOPLIST_KEY_NSMainStoryboardFile = Main;
				INFOPLIST_KEY_NSPrincipalClass = NSApplication;
				LD_RUNPATH_SEARCH_PATHS = (
					"$(inherited)",
					"@executable_path/../Frameworks",
				);
				MACOSX_DEPLOYMENT_TARGET = 10.14;
				MARKETING_VERSION = 1.0;
				OTHER_LDFLAGS = (
					"-framework",
					WebKit,
				);
				PRODUCT_BUNDLE_IDENTIFIER = org.sperixlabs.HackTools;
				PRODUCT_NAME = "Hack-Tools";
				PROVISIONING_PROFILE_SPECIFIER = "";
				SDKROOT = macosx;
				SWIFT_EMIT_LOC_STRINGS = YES;
				SWIFT_VERSION = 5.0;
			};
			name = Release;
		};
/* End XCBuildConfiguration section */

/* Begin XCConfigurationList section */
		690022D72672CFD800D6C9BC /* Build configuration list for PBXProject "Hack-Tools" */ = {
			isa = XCConfigurationList;
			buildConfigurations = (
				6900233C2672CFDD00D6C9BC /* Debug */,
				6900233D2672CFDD00D6C9BC /* Release */,
			);
			defaultConfigurationIsVisible = 0;
			defaultConfigurationName = Release;
		};
		6900233E2672CFDD00D6C9BC /* Build configuration list for PBXNativeTarget "Hack-Tools Extension (iOS)" */ = {
			isa = XCConfigurationList;
			buildConfigurations = (
				6900233F2672CFDD00D6C9BC /* Debug */,
				690023402672CFDD00D6C9BC /* Release */,
			);
			defaultConfigurationIsVisible = 0;
			defaultConfigurationName = Release;
		};
		690023422672CFDD00D6C9BC /* Build configuration list for PBXNativeTarget "Hack-Tools (iOS)" */ = {
			isa = XCConfigurationList;
			buildConfigurations = (
				690023432672CFDD00D6C9BC /* Debug */,
				690023442672CFDD00D6C9BC /* Release */,
			);
			defaultConfigurationIsVisible = 0;
			defaultConfigurationName = Release;
		};
		690023452672CFDD00D6C9BC /* Build configuration list for PBXNativeTarget "Hack-Tools Extension (macOS)" */ = {
			isa = XCConfigurationList;
			buildConfigurations = (
				690023462672CFDD00D6C9BC /* Debug */,
				690023472672CFDD00D6C9BC /* Release */,
			);
			defaultConfigurationIsVisible = 0;
			defaultConfigurationName = Release;
		};
		690023492672CFDD00D6C9BC /* Build configuration list for PBXNativeTarget "Hack-Tools (macOS)" */ = {
			isa = XCConfigurationList;
			buildConfigurations = (
				6900234A2672CFDD00D6C9BC /* Debug */,
				6900234B2672CFDD00D6C9BC /* Release */,
			);
			defaultConfigurationIsVisible = 0;
			defaultConfigurationName = Release;
		};
/* End XCConfigurationList section */
	};
	rootObject = 690022D42672CFD800D6C9BC /* Project object */;
}
